
Microsoft Visual Studio Solution File, Format Version 12.00
# Visual Studio Version 17
VisualStudioVersion = 17.10.35122.118
MinimumVisualStudioVersion = 10.0.40219.1
Project("{8BC9CEB8-8B4A-11D0-8D11-00A0C91BC942}") = "MQTT.test", "MQTT.test\MQTT.test.vcxproj", "{012CBE63-5B48-4893-AF79-FEB2FF159A97}"
EndProject
Project("{2150E333-8FDC-42A3-9474-1A3956D46DE8}") = "DES", "DES", "{36A0803E-9E7A-4A0D-8E7F-2E8DAD288C52}"
EndProject
Project("{8BC9CEB8-8B4A-11D0-8D11-00A0C91BC942}") = "DES", "DES\DES.vcxproj", "{3818547B-6C3D-47C7-B5A9-7F154300C514}"
EndProject
Project("{2150E333-8FDC-42A3-9474-1A3956D46DE8}") = "test", "test", "{FD2CC315-4DC1-4051-8D59-D52A52086B58}"
EndProject
Project("{8BC9CEB8-8B4A-11D0-8D11-00A0C91BC942}") = "test.DES", "test.DES\test.DES.vcxproj", "{1D8B300A-1A8E-4B38-A75C-E3863FBA7BFC}"
EndProject
Project("{2150E333-8FDC-42A3-9474-1A3956D46DE8}") = "crypto", "crypto", "{2DF51557-95D9-47A6-A4DB-AA0F625AF466}"
EndProject
Project("{2150E333-8FDC-42A3-9474-1A3956D46DE8}") = "Base64", "Base64", "{B664CB8C-B694-4F80-B20B-35D0FB0922D9}"
EndProject
Project("{8BC9CEB8-8B4A-11D0-8D11-00A0C91BC942}") = "base64", "base64\base64.vcxproj", "{257E78C1-08E2-42EE-AF7B-BFEAE57DB154}"
EndProject
Project("{8BC9CEB8-8B4A-11D0-8D11-00A0C91BC942}") = "test.base64", "test.base64\test.base64.vcxproj", "{FEF7EA40-8FAF-43B1-8311-5B5E1936F0F8}"
EndProject
Project("{8BC9CEB8-8B4A-11D0-8D11-00A0C91BC942}") = "test.crypto", "test.crypto\test.crypto.vcxproj", "{736C44AB-1C3A-4C9F-9E9F-1DC3B4093F2C}"
EndProject
Project("{2150E333-8FDC-42A3-9474-1A3956D46DE8}") = "JSON", "JSON", "{755C415F-96E4-4EB2-93CE-60111A44A150}"
EndProject
Project("{8BC9CEB8-8B4A-11D0-8D11-00A0C91BC942}") = "JSON", "JSON\JSON.vcxproj", "{6D7D81ED-A7E8-4EA2-84A3-F8185B882EC8}"
EndProject
Project("{8BC9CEB8-8B4A-11D0-8D11-00A0C91BC942}") = "test.JSON", "test.JSON\test.JSON.vcxproj", "{15C5FDF3-FCB2-41FC-A545-A34FC5CCE602}"
EndProject
Global
	GlobalSection(SolutionConfigurationPlatforms) = preSolution
		Debug|x64 = Debug|x64
		Debug|x86 = Debug|x86
		Release|x64 = Release|x64
		Release|x86 = Release|x86
	EndGlobalSection
	GlobalSection(ProjectConfigurationPlatforms) = postSolution
		{012CBE63-5B48-4893-AF79-FEB2FF159A97}.Debug|x64.ActiveCfg = Debug|x64
		{012CBE63-5B48-4893-AF79-FEB2FF159A97}.Debug|x64.Build.0 = Debug|x64
		{012CBE63-5B48-4893-AF79-FEB2FF159A97}.Debug|x86.ActiveCfg = Debug|Win32
		{012CBE63-5B48-4893-AF79-FEB2FF159A97}.Debug|x86.Build.0 = Debug|Win32
		{012CBE63-5B48-4893-AF79-FEB2FF159A97}.Release|x64.ActiveCfg = Release|x64
		{012CBE63-5B48-4893-AF79-FEB2FF159A97}.Release|x64.Build.0 = Release|x64
		{012CBE63-5B48-4893-AF79-FEB2FF159A97}.Release|x86.ActiveCfg = Release|Win32
		{012CBE63-5B48-4893-AF79-FEB2FF159A97}.Release|x86.Build.0 = Release|Win32
		{3818547B-6C3D-47C7-B5A9-7F154300C514}.Debug|x64.ActiveCfg = Debug|x64
		{3818547B-6C3D-47C7-B5A9-7F154300C514}.Debug|x64.Build.0 = Debug|x64
		{3818547B-6C3D-47C7-B5A9-7F154300C514}.Debug|x86.ActiveCfg = Debug|Win32
		{3818547B-6C3D-47C7-B5A9-7F154300C514}.Debug|x86.Build.0 = Debug|Win32
		{3818547B-6C3D-47C7-B5A9-7F154300C514}.Release|x64.ActiveCfg = Release|x64
		{3818547B-6C3D-47C7-B5A9-7F154300C514}.Release|x64.Build.0 = Release|x64
		{3818547B-6C3D-47C7-B5A9-7F154300C514}.Release|x86.ActiveCfg = Release|Win32
		{3818547B-6C3D-47C7-B5A9-7F154300C514}.Release|x86.Build.0 = Release|Win32
		{1D8B300A-1A8E-4B38-A75C-E3863FBA7BFC}.Debug|x64.ActiveCfg = Debug|x64
		{1D8B300A-1A8E-4B38-A75C-E3863FBA7BFC}.Debug|x64.Build.0 = Debug|x64
		{1D8B300A-1A8E-4B38-A75C-E3863FBA7BFC}.Debug|x86.ActiveCfg = Debug|Win32
		{1D8B300A-1A8E-4B38-A75C-E3863FBA7BFC}.Debug|x86.Build.0 = Debug|Win32
		{1D8B300A-1A8E-4B38-A75C-E3863FBA7BFC}.Release|x64.ActiveCfg = Release|x64
		{1D8B300A-1A8E-4B38-A75C-E3863FBA7BFC}.Release|x64.Build.0 = Release|x64
		{1D8B300A-1A8E-4B38-A75C-E3863FBA7BFC}.Release|x86.ActiveCfg = Release|Win32
		{1D8B300A-1A8E-4B38-A75C-E3863FBA7BFC}.Release|x86.Build.0 = Release|Win32
		{257E78C1-08E2-42EE-AF7B-BFEAE57DB154}.Debug|x64.ActiveCfg = Debug|x64
		{257E78C1-08E2-42EE-AF7B-BFEAE57DB154}.Debug|x64.Build.0 = Debug|x64
		{257E78C1-08E2-42EE-AF7B-BFEAE57DB154}.Debug|x86.ActiveCfg = Debug|Win32
		{257E78C1-08E2-42EE-AF7B-BFEAE57DB154}.Debug|x86.Build.0 = Debug|Win32
		{257E78C1-08E2-42EE-AF7B-BFEAE57DB154}.Release|x64.ActiveCfg = Release|x64
		{257E78C1-08E2-42EE-AF7B-BFEAE57DB154}.Release|x64.Build.0 = Release|x64
		{257E78C1-08E2-42EE-AF7B-BFEAE57DB154}.Release|x86.ActiveCfg = Release|Win32
		{257E78C1-08E2-42EE-AF7B-BFEAE57DB154}.Release|x86.Build.0 = Release|Win32
		{FEF7EA40-8FAF-43B1-8311-5B5E1936F0F8}.Debug|x64.ActiveCfg = Debug|x64
		{FEF7EA40-8FAF-43B1-8311-5B5E1936F0F8}.Debug|x64.Build.0 = Debug|x64
		{FEF7EA40-8FAF-43B1-8311-5B5E1936F0F8}.Debug|x86.ActiveCfg = Debug|Win32
		{FEF7EA40-8FAF-43B1-8311-5B5E1936F0F8}.Debug|x86.Build.0 = Debug|Win32
		{FEF7EA40-8FAF-43B1-8311-5B5E1936F0F8}.Release|x64.ActiveCfg = Release|x64
		{FEF7EA40-8FAF-43B1-8311-5B5E1936F0F8}.Release|x64.Build.0 = Release|x64
		{FEF7EA40-8FAF-43B1-8311-5B5E1936F0F8}.Release|x86.ActiveCfg = Release|Win32
		{FEF7EA40-8FAF-43B1-8311-5B5E1936F0F8}.Release|x86.Build.0 = Release|Win32
		{736C44AB-1C3A-4C9F-9E9F-1DC3B4093F2C}.Debug|x64.ActiveCfg = Debug|x64
		{736C44AB-1C3A-4C9F-9E9F-1DC3B4093F2C}.Debug|x64.Build.0 = Debug|x64
		{736C44AB-1C3A-4C9F-9E9F-1DC3B4093F2C}.Debug|x86.ActiveCfg = Debug|Win32
		{736C44AB-1C3A-4C9F-9E9F-1DC3B4093F2C}.Debug|x86.Build.0 = Debug|Win32
		{736C44AB-1C3A-4C9F-9E9F-1DC3B4093F2C}.Release|x64.ActiveCfg = Release|x64
		{736C44AB-1C3A-4C9F-9E9F-1DC3B4093F2C}.Release|x64.Build.0 = Release|x64
		{736C44AB-1C3A-4C9F-9E9F-1DC3B4093F2C}.Release|x86.ActiveCfg = Release|Win32
		{736C44AB-1C3A-4C9F-9E9F-1DC3B4093F2C}.Release|x86.Build.0 = Release|Win32
		{6D7D81ED-A7E8-4EA2-84A3-F8185B882EC8}.Debug|x64.ActiveCfg = Debug|x64
		{6D7D81ED-A7E8-4EA2-84A3-F8185B882EC8}.Debug|x64.Build.0 = Debug|x64
		{6D7D81ED-A7E8-4EA2-84A3-F8185B882EC8}.Debug|x86.ActiveCfg = Debug|Win32
		{6D7D81ED-A7E8-4EA2-84A3-F8185B882EC8}.Debug|x86.Build.0 = Debug|Win32
		{6D7D81ED-A7E8-4EA2-84A3-F8185B882EC8}.Release|x64.ActiveCfg = Release|x64
		{6D7D81ED-A7E8-4EA2-84A3-F8185B882EC8}.Release|x64.Build.0 = Release|x64
		{6D7D81ED-A7E8-4EA2-84A3-F8185B882EC8}.Release|x86.ActiveCfg = Release|Win32
		{6D7D81ED-A7E8-4EA2-84A3-F8185B882EC8}.Release|x86.Build.0 = Release|Win32
		{15C5FDF3-FCB2-41FC-A545-A34FC5CCE602}.Debug|x64.ActiveCfg = Debug|x64
		{15C5FDF3-FCB2-41FC-A545-A34FC5CCE602}.Debug|x64.Build.0 = Debug|x64
		{15C5FDF3-FCB2-41FC-A545-A34FC5CCE602}.Debug|x86.ActiveCfg = Debug|Win32
		{15C5FDF3-FCB2-41FC-A545-A34FC5CCE602}.Debug|x86.Build.0 = Debug|Win32
		{15C5FDF3-FCB2-41FC-A545-A34FC5CCE602}.Release|x64.ActiveCfg = Release|x64
		{15C5FDF3-FCB2-41FC-A545-A34FC5CCE602}.Release|x64.Build.0 = Release|x64
		{15C5FDF3-FCB2-41FC-A545-A34FC5CCE602}.Release|x86.ActiveCfg = Release|Win32
		{15C5FDF3-FCB2-41FC-A545-A34FC5CCE602}.Release|x86.Build.0 = Release|Win32
	EndGlobalSection
	GlobalSection(SolutionProperties) = preSolution
		HideSolutionNode = FALSE
	EndGlobalSection
	GlobalSection(NestedProjects) = preSolution
		{36A0803E-9E7A-4A0D-8E7F-2E8DAD288C52} = {2DF51557-95D9-47A6-A4DB-AA0F625AF466}
		{3818547B-6C3D-47C7-B5A9-7F154300C514} = {36A0803E-9E7A-4A0D-8E7F-2E8DAD288C52}
		{1D8B300A-1A8E-4B38-A75C-E3863FBA7BFC} = {FD2CC315-4DC1-4051-8D59-D52A52086B58}
		{B664CB8C-B694-4F80-B20B-35D0FB0922D9} = {2DF51557-95D9-47A6-A4DB-AA0F625AF466}
		{257E78C1-08E2-42EE-AF7B-BFEAE57DB154} = {B664CB8C-B694-4F80-B20B-35D0FB0922D9}
		{FEF7EA40-8FAF-43B1-8311-5B5E1936F0F8} = {FD2CC315-4DC1-4051-8D59-D52A52086B58}
		{736C44AB-1C3A-4C9F-9E9F-1DC3B4093F2C} = {FD2CC315-4DC1-4051-8D59-D52A52086B58}
		{6D7D81ED-A7E8-4EA2-84A3-F8185B882EC8} = {755C415F-96E4-4EB2-93CE-60111A44A150}
		{15C5FDF3-FCB2-41FC-A545-A34FC5CCE602} = {FD2CC315-4DC1-4051-8D59-D52A52086B58}
	EndGlobalSection
	GlobalSection(ExtensibilityGlobals) = postSolution
		SolutionGuid = {4CD1BC78-B5CA-4C02-BB4C-8C1B2A02876A}
	EndGlobalSection
EndGlobal
